// !$*UTF8*$!
{
	archiveVersion = 1;
	classes = {
	};
	objectVersion = 51;
	objects = {

/* Begin PBXBuildFile section */
		02452ED048EDC97EFB6A5C8A /* Pods_AeroPlan.framework in Frameworks */ = {isa = PBXBuildFile; fileRef = CC1544457921956FDD7726DC /* Pods_AeroPlan.framework */; };
		22157FD226445FFC004CA15D /* APIError.swift in Sources */ = {isa = PBXBuildFile; fileRef = 22157FD026445FFC004CA15D /* APIError.swift */; };
		22157FD326445FFC004CA15D /* AppError.swift in Sources */ = {isa = PBXBuildFile; fileRef = 22157FD126445FFC004CA15D /* AppError.swift */; };
		22157FD92644603D004CA15D /* AuthInterceptor.swift in Sources */ = {isa = PBXBuildFile; fileRef = 22157FD72644603D004CA15D /* AuthInterceptor.swift */; };
		22157FDA2644603D004CA15D /* APIDataManager.swift in Sources */ = {isa = PBXBuildFile; fileRef = 22157FD82644603D004CA15D /* APIDataManager.swift */; };
		22157FDB2644603D004CA15D /* APIRequest.swift in Sources */ = {isa = PBXBuildFile; fileRef = 22157FD62644603D004CA15D /* APIRequest.swift */; };
		22157FE6264460F4004CA15D /* LaunchScreen.swift in Sources */ = {isa = PBXBuildFile; fileRef = 22157FE4264460F4004CA15D /* LaunchScreen.swift */; };
		22157FE7264460F4004CA15D /* LaunchViewModel.swift in Sources */ = {isa = PBXBuildFile; fileRef = 22157FE5264460F4004CA15D /* LaunchViewModel.swift */; };
		22157FEB26446113004CA15D /* CreateAccountScreen.swift in Sources */ = {isa = PBXBuildFile; fileRef = 22157FE926446113004CA15D /* CreateAccountScreen.swift */; };
		22157FEC26446113004CA15D /* CreateAccountViewModel.swift in Sources */ = {isa = PBXBuildFile; fileRef = 22157FEA26446113004CA15D /* CreateAccountViewModel.swift */; };
		22157FF026446123004CA15D /* NewPasswordViewModel.swift in Sources */ = {isa = PBXBuildFile; fileRef = 22157FEE26446123004CA15D /* NewPasswordViewModel.swift */; };
		22157FF126446123004CA15D /* NewPasswordScreen.swift in Sources */ = {isa = PBXBuildFile; fileRef = 22157FEF26446123004CA15D /* NewPasswordScreen.swift */; };
		22157FF526446132004CA15D /* ResetPasswordScreen.swift in Sources */ = {isa = PBXBuildFile; fileRef = 22157FF326446132004CA15D /* ResetPasswordScreen.swift */; };
		22157FF626446132004CA15D /* ResetPasswordViewModel.swift in Sources */ = {isa = PBXBuildFile; fileRef = 22157FF426446132004CA15D /* ResetPasswordViewModel.swift */; };
		22157FFA26446140004CA15D /* SignInScreen.swift in Sources */ = {isa = PBXBuildFile; fileRef = 22157FF826446140004CA15D /* SignInScreen.swift */; };
		22157FFB26446140004CA15D /* SignInViewModel.swift in Sources */ = {isa = PBXBuildFile; fileRef = 22157FF926446140004CA15D /* SignInViewModel.swift */; };
		22157FFF26446150004CA15D /* WelcomeScreen.swift in Sources */ = {isa = PBXBuildFile; fileRef = 22157FFD26446150004CA15D /* WelcomeScreen.swift */; };
		2215800026446150004CA15D /* WelcomeViewModel.swift in Sources */ = {isa = PBXBuildFile; fileRef = 22157FFE26446150004CA15D /* WelcomeViewModel.swift */; };
		221580022644617A004CA15D /* User+StoredProperty.swift in Sources */ = {isa = PBXBuildFile; fileRef = 221580012644617A004CA15D /* User+StoredProperty.swift */; };
		221580052644618D004CA15D /* User.swift in Sources */ = {isa = PBXBuildFile; fileRef = 221580042644618D004CA15D /* User.swift */; };
		2215800726446209004CA15D /* ModalWindowViewController.swift in Sources */ = {isa = PBXBuildFile; fileRef = 2215800626446209004CA15D /* ModalWindowViewController.swift */; };
		224AE8C3263C712C002537F0 /* ScreensBuilder.swift in Sources */ = {isa = PBXBuildFile; fileRef = 224AE8C2263C712C002537F0 /* ScreensBuilder.swift */; };
		224AE8C5263C73B2002537F0 /* UIView+Extensions.swift in Sources */ = {isa = PBXBuildFile; fileRef = 224AE8C4263C73B2002537F0 /* UIView+Extensions.swift */; };
		224AE8C7263C7585002537F0 /* AutorizationCoordinator.swift in Sources */ = {isa = PBXBuildFile; fileRef = 224AE8C6263C7585002537F0 /* AutorizationCoordinator.swift */; };
		224AE8CE263C7842002537F0 /* HomeCoordinator.swift in Sources */ = {isa = PBXBuildFile; fileRef = 224AE8CD263C7842002537F0 /* HomeCoordinator.swift */; };
		22C0CB742647190000E8D933 /* Configuration.swift in Sources */ = {isa = PBXBuildFile; fileRef = 22C0CB732647190000E8D933 /* Configuration.swift */; };
		22C0CB76264719C800E8D933 /* ConfigurationReader.swift in Sources */ = {isa = PBXBuildFile; fileRef = 22C0CB75264719C800E8D933 /* ConfigurationReader.swift */; };
		22C0CB7826471E3400E8D933 /* AutorizationInteractor.swift in Sources */ = {isa = PBXBuildFile; fileRef = 22C0CB7726471E3400E8D933 /* AutorizationInteractor.swift */; };
		22C0CB7A2647216000E8D933 /* AutorizationError.swift in Sources */ = {isa = PBXBuildFile; fileRef = 22C0CB792647216000E8D933 /* AutorizationError.swift */; };
		22C0CB7C2647262600E8D933 /* DataManagersBuilder.swift in Sources */ = {isa = PBXBuildFile; fileRef = 22C0CB7B2647262600E8D933 /* DataManagersBuilder.swift */; };
		22C0CB7E2647263400E8D933 /* InteractorsBuilder.swift in Sources */ = {isa = PBXBuildFile; fileRef = 22C0CB7D2647263400E8D933 /* InteractorsBuilder.swift */; };
		22E2DE7B2636D033009B38AC /* LaunchScreen.storyboard in Resources */ = {isa = PBXBuildFile; fileRef = 33833AB42635A9C900A3FCD4 /* LaunchScreen.storyboard */; };
		22E2E5822638506F009B38AC /* StartupService.swift in Sources */ = {isa = PBXBuildFile; fileRef = 22E2E5812638506F009B38AC /* StartupService.swift */; };
		22E2E585263850C1009B38AC /* RootCoordinator.swift in Sources */ = {isa = PBXBuildFile; fileRef = 22E2E584263850C1009B38AC /* RootCoordinator.swift */; };
		22E2E588263850F8009B38AC /* ServicesBuilder.swift in Sources */ = {isa = PBXBuildFile; fileRef = 22E2E587263850F8009B38AC /* ServicesBuilder.swift */; };
		22E2E58B26385146009B38AC /* Aliases.swift in Sources */ = {isa = PBXBuildFile; fileRef = 22E2E58A26385146009B38AC /* Aliases.swift */; };
		22E2E58E26385236009B38AC /* CoordinatorsBuilder.swift in Sources */ = {isa = PBXBuildFile; fileRef = 22E2E58D26385236009B38AC /* CoordinatorsBuilder.swift */; };
		22E2E5912638538F009B38AC /* Animators.swift in Sources */ = {isa = PBXBuildFile; fileRef = 22E2E5902638538F009B38AC /* Animators.swift */; };
		22E2E59526385410009B38AC /* MVVM.swift in Sources */ = {isa = PBXBuildFile; fileRef = 22E2E59426385410009B38AC /* MVVM.swift */; };
		22E2E59C2638567C009B38AC /* OverlayAlertController.swift in Sources */ = {isa = PBXBuildFile; fileRef = 22E2E59B2638567C009B38AC /* OverlayAlertController.swift */; };
		22E2E59F2638573C009B38AC /* AlertCoordinator.swift in Sources */ = {isa = PBXBuildFile; fileRef = 22E2E59E2638573C009B38AC /* AlertCoordinator.swift */; };
		22E2E5A826385BA2009B38AC /* AlertViewer.swift in Sources */ = {isa = PBXBuildFile; fileRef = 22E2E5A726385BA2009B38AC /* AlertViewer.swift */; };
		332F4775264D81CC000BF63B /* R.generated.swift in Sources */ = {isa = PBXBuildFile; fileRef = 332F4774264D81CC000BF63B /* R.generated.swift */; };
		332F4777264D8230000BF63B /* UIButton + Extension.swift in Sources */ = {isa = PBXBuildFile; fileRef = 332F4776264D8230000BF63B /* UIButton + Extension.swift */; };
		332F4779264D828C000BF63B /* Colors.xcassets in Resources */ = {isa = PBXBuildFile; fileRef = 332F4778264D828C000BF63B /* Colors.xcassets */; };
		333C06A92639D42600BE8F36 /* StorageDataManger.swift in Sources */ = {isa = PBXBuildFile; fileRef = 333C06A82639D42600BE8F36 /* StorageDataManger.swift */; };
		33833AAA2635A9C700A3FCD4 /* AppDelegate.swift in Sources */ = {isa = PBXBuildFile; fileRef = 33833AA92635A9C700A3FCD4 /* AppDelegate.swift */; };
		33833AB32635A9C900A3FCD4 /* Assets.xcassets in Resources */ = {isa = PBXBuildFile; fileRef = 33833AB22635A9C900A3FCD4 /* Assets.xcassets */; };
		3383E41D263B30F000CA0329 /* StoredProperty.swift in Sources */ = {isa = PBXBuildFile; fileRef = 3383E41C263B30F000CA0329 /* StoredProperty.swift */; };
		3383E41F263B311800CA0329 /* Elementary+StoredProperty.swift in Sources */ = {isa = PBXBuildFile; fileRef = 3383E41E263B311800CA0329 /* Elementary+StoredProperty.swift */; };
/* End PBXBuildFile section */

/* Begin PBXFileReference section */
		22157FD026445FFC004CA15D /* APIError.swift */ = {isa = PBXFileReference; fileEncoding = 4; lastKnownFileType = sourcecode.swift; path = APIError.swift; sourceTree = "<group>"; };
		22157FD126445FFC004CA15D /* AppError.swift */ = {isa = PBXFileReference; fileEncoding = 4; lastKnownFileType = sourcecode.swift; path = AppError.swift; sourceTree = "<group>"; };
		22157FD62644603D004CA15D /* APIRequest.swift */ = {isa = PBXFileReference; lastKnownFileType = sourcecode.swift; path = APIRequest.swift; sourceTree = "<group>"; };
		22157FD72644603D004CA15D /* AuthInterceptor.swift */ = {isa = PBXFileReference; lastKnownFileType = sourcecode.swift; path = AuthInterceptor.swift; sourceTree = "<group>"; };
		22157FD82644603D004CA15D /* APIDataManager.swift */ = {isa = PBXFileReference; lastKnownFileType = sourcecode.swift; path = APIDataManager.swift; sourceTree = "<group>"; };
		22157FE4264460F4004CA15D /* LaunchScreen.swift */ = {isa = PBXFileReference; fileEncoding = 4; lastKnownFileType = sourcecode.swift; path = LaunchScreen.swift; sourceTree = "<group>"; };
		22157FE5264460F4004CA15D /* LaunchViewModel.swift */ = {isa = PBXFileReference; fileEncoding = 4; lastKnownFileType = sourcecode.swift; path = LaunchViewModel.swift; sourceTree = "<group>"; };
		22157FE926446113004CA15D /* CreateAccountScreen.swift */ = {isa = PBXFileReference; fileEncoding = 4; lastKnownFileType = sourcecode.swift; path = CreateAccountScreen.swift; sourceTree = "<group>"; };
		22157FEA26446113004CA15D /* CreateAccountViewModel.swift */ = {isa = PBXFileReference; fileEncoding = 4; lastKnownFileType = sourcecode.swift; path = CreateAccountViewModel.swift; sourceTree = "<group>"; };
		22157FEE26446123004CA15D /* NewPasswordViewModel.swift */ = {isa = PBXFileReference; fileEncoding = 4; lastKnownFileType = sourcecode.swift; path = NewPasswordViewModel.swift; sourceTree = "<group>"; };
		22157FEF26446123004CA15D /* NewPasswordScreen.swift */ = {isa = PBXFileReference; fileEncoding = 4; lastKnownFileType = sourcecode.swift; path = NewPasswordScreen.swift; sourceTree = "<group>"; };
		22157FF326446132004CA15D /* ResetPasswordScreen.swift */ = {isa = PBXFileReference; fileEncoding = 4; lastKnownFileType = sourcecode.swift; path = ResetPasswordScreen.swift; sourceTree = "<group>"; };
		22157FF426446132004CA15D /* ResetPasswordViewModel.swift */ = {isa = PBXFileReference; fileEncoding = 4; lastKnownFileType = sourcecode.swift; path = ResetPasswordViewModel.swift; sourceTree = "<group>"; };
		22157FF826446140004CA15D /* SignInScreen.swift */ = {isa = PBXFileReference; fileEncoding = 4; lastKnownFileType = sourcecode.swift; path = SignInScreen.swift; sourceTree = "<group>"; };
		22157FF926446140004CA15D /* SignInViewModel.swift */ = {isa = PBXFileReference; fileEncoding = 4; lastKnownFileType = sourcecode.swift; path = SignInViewModel.swift; sourceTree = "<group>"; };
		22157FFD26446150004CA15D /* WelcomeScreen.swift */ = {isa = PBXFileReference; fileEncoding = 4; lastKnownFileType = sourcecode.swift; path = WelcomeScreen.swift; sourceTree = "<group>"; };
		22157FFE26446150004CA15D /* WelcomeViewModel.swift */ = {isa = PBXFileReference; fileEncoding = 4; lastKnownFileType = sourcecode.swift; path = WelcomeViewModel.swift; sourceTree = "<group>"; };
		221580012644617A004CA15D /* User+StoredProperty.swift */ = {isa = PBXFileReference; fileEncoding = 4; lastKnownFileType = sourcecode.swift; path = "User+StoredProperty.swift"; sourceTree = "<group>"; };
		221580042644618D004CA15D /* User.swift */ = {isa = PBXFileReference; fileEncoding = 4; lastKnownFileType = sourcecode.swift; path = User.swift; sourceTree = "<group>"; };
		2215800626446209004CA15D /* ModalWindowViewController.swift */ = {isa = PBXFileReference; fileEncoding = 4; lastKnownFileType = sourcecode.swift; path = ModalWindowViewController.swift; sourceTree = "<group>"; };
		224AE8BE263C6DB8002537F0 /* LaunchScreen.swift */ = {isa = PBXFileReference; lastKnownFileType = sourcecode.swift; path = LaunchScreen.swift; sourceTree = "<group>"; };
		224AE8C0263C6DC4002537F0 /* LaunchViewModel.swift */ = {isa = PBXFileReference; lastKnownFileType = sourcecode.swift; path = LaunchViewModel.swift; sourceTree = "<group>"; };
		224AE8C2263C712C002537F0 /* ScreensBuilder.swift */ = {isa = PBXFileReference; lastKnownFileType = sourcecode.swift; path = ScreensBuilder.swift; sourceTree = "<group>"; };
		224AE8C4263C73B2002537F0 /* UIView+Extensions.swift */ = {isa = PBXFileReference; lastKnownFileType = sourcecode.swift; path = "UIView+Extensions.swift"; sourceTree = "<group>"; };
		224AE8C6263C7585002537F0 /* AutorizationCoordinator.swift */ = {isa = PBXFileReference; lastKnownFileType = sourcecode.swift; path = AutorizationCoordinator.swift; sourceTree = "<group>"; };
		224AE8C9263C76DE002537F0 /* WelcomeScreen.swift */ = {isa = PBXFileReference; lastKnownFileType = sourcecode.swift; path = WelcomeScreen.swift; sourceTree = "<group>"; };
		224AE8CB263C76EA002537F0 /* WelcomeViewModel.swift */ = {isa = PBXFileReference; lastKnownFileType = sourcecode.swift; path = WelcomeViewModel.swift; sourceTree = "<group>"; };
		224AE8CD263C7842002537F0 /* HomeCoordinator.swift */ = {isa = PBXFileReference; lastKnownFileType = sourcecode.swift; path = HomeCoordinator.swift; sourceTree = "<group>"; };
		224AE8D1263C7D0D002537F0 /* SignInScreen.swift */ = {isa = PBXFileReference; lastKnownFileType = sourcecode.swift; path = SignInScreen.swift; sourceTree = "<group>"; };
		224AE8D3263C7D16002537F0 /* SignInViewModel.swift */ = {isa = PBXFileReference; lastKnownFileType = sourcecode.swift; path = SignInViewModel.swift; sourceTree = "<group>"; };
		224AE8D6263C7FCC002537F0 /* CreateAccountViewModel.swift */ = {isa = PBXFileReference; lastKnownFileType = sourcecode.swift; path = CreateAccountViewModel.swift; sourceTree = "<group>"; };
		224AE8D8263C7FD7002537F0 /* CreateAccountScreen.swift */ = {isa = PBXFileReference; lastKnownFileType = sourcecode.swift; path = CreateAccountScreen.swift; sourceTree = "<group>"; };
		224AE8DB263C8150002537F0 /* ResetPasswordScreen.swift */ = {isa = PBXFileReference; lastKnownFileType = sourcecode.swift; path = ResetPasswordScreen.swift; sourceTree = "<group>"; };
		224AE8DD263C815B002537F0 /* ResetPasswordViewModel.swift */ = {isa = PBXFileReference; lastKnownFileType = sourcecode.swift; path = ResetPasswordViewModel.swift; sourceTree = "<group>"; };
		224AE8E0263C82BA002537F0 /* NewPasswordScreen.swift */ = {isa = PBXFileReference; lastKnownFileType = sourcecode.swift; path = NewPasswordScreen.swift; sourceTree = "<group>"; };
		224AE8E2263C82C6002537F0 /* NewPasswordViewModel.swift */ = {isa = PBXFileReference; lastKnownFileType = sourcecode.swift; path = NewPasswordViewModel.swift; sourceTree = "<group>"; };
		22C0CB732647190000E8D933 /* Configuration.swift */ = {isa = PBXFileReference; lastKnownFileType = sourcecode.swift; path = Configuration.swift; sourceTree = "<group>"; };
		22C0CB75264719C800E8D933 /* ConfigurationReader.swift */ = {isa = PBXFileReference; lastKnownFileType = sourcecode.swift; path = ConfigurationReader.swift; sourceTree = "<group>"; };
		22C0CB7726471E3400E8D933 /* AutorizationInteractor.swift */ = {isa = PBXFileReference; lastKnownFileType = sourcecode.swift; path = AutorizationInteractor.swift; sourceTree = "<group>"; };
		22C0CB792647216000E8D933 /* AutorizationError.swift */ = {isa = PBXFileReference; lastKnownFileType = sourcecode.swift; path = AutorizationError.swift; sourceTree = "<group>"; };
		22C0CB7B2647262600E8D933 /* DataManagersBuilder.swift */ = {isa = PBXFileReference; lastKnownFileType = sourcecode.swift; path = DataManagersBuilder.swift; sourceTree = "<group>"; };
		22C0CB7D2647263400E8D933 /* InteractorsBuilder.swift */ = {isa = PBXFileReference; lastKnownFileType = sourcecode.swift; path = InteractorsBuilder.swift; sourceTree = "<group>"; };
		22E2E3D0263812A2009B38AC /* Google-AppStore.plist */ = {isa = PBXFileReference; lastKnownFileType = text.plist.xml; path = "Google-AppStore.plist"; sourceTree = "<group>"; };
		22E2E3D1263812A2009B38AC /* Google-Develop.plist */ = {isa = PBXFileReference; lastKnownFileType = text.plist.xml; path = "Google-Develop.plist"; sourceTree = "<group>"; };
		22E2E5812638506F009B38AC /* StartupService.swift */ = {isa = PBXFileReference; lastKnownFileType = sourcecode.swift; path = StartupService.swift; sourceTree = "<group>"; };
		22E2E584263850C1009B38AC /* RootCoordinator.swift */ = {isa = PBXFileReference; lastKnownFileType = sourcecode.swift; path = RootCoordinator.swift; sourceTree = "<group>"; };
		22E2E587263850F8009B38AC /* ServicesBuilder.swift */ = {isa = PBXFileReference; lastKnownFileType = sourcecode.swift; path = ServicesBuilder.swift; sourceTree = "<group>"; };
		22E2E58A26385146009B38AC /* Aliases.swift */ = {isa = PBXFileReference; lastKnownFileType = sourcecode.swift; path = Aliases.swift; sourceTree = "<group>"; };
		22E2E58D26385236009B38AC /* CoordinatorsBuilder.swift */ = {isa = PBXFileReference; lastKnownFileType = sourcecode.swift; path = CoordinatorsBuilder.swift; sourceTree = "<group>"; };
		22E2E5902638538F009B38AC /* Animators.swift */ = {isa = PBXFileReference; lastKnownFileType = sourcecode.swift; path = Animators.swift; sourceTree = "<group>"; };
		22E2E59426385410009B38AC /* MVVM.swift */ = {isa = PBXFileReference; lastKnownFileType = sourcecode.swift; path = MVVM.swift; sourceTree = "<group>"; };
		22E2E59B2638567C009B38AC /* OverlayAlertController.swift */ = {isa = PBXFileReference; lastKnownFileType = sourcecode.swift; path = OverlayAlertController.swift; sourceTree = "<group>"; };
		22E2E59E2638573C009B38AC /* AlertCoordinator.swift */ = {isa = PBXFileReference; lastKnownFileType = sourcecode.swift; path = AlertCoordinator.swift; sourceTree = "<group>"; };
		22E2E5A726385BA2009B38AC /* AlertViewer.swift */ = {isa = PBXFileReference; lastKnownFileType = sourcecode.swift; path = AlertViewer.swift; sourceTree = "<group>"; };
		23741963313219A13C7F0128 /* Pods-AeroPlan.release-develop.xcconfig */ = {isa = PBXFileReference; includeInIndex = 1; lastKnownFileType = text.xcconfig; name = "Pods-AeroPlan.release-develop.xcconfig"; path = "Target Support Files/Pods-AeroPlan/Pods-AeroPlan.release-develop.xcconfig"; sourceTree = "<group>"; };
		332F4774264D81CC000BF63B /* R.generated.swift */ = {isa = PBXFileReference; fileEncoding = 4; lastKnownFileType = sourcecode.swift; name = R.generated.swift; path = AeroPlan/Classes/Resources/Generated/R.generated.swift; sourceTree = SOURCE_ROOT; };
		332F4776264D8230000BF63B /* UIButton + Extension.swift */ = {isa = PBXFileReference; lastKnownFileType = sourcecode.swift; path = "UIButton + Extension.swift"; sourceTree = "<group>"; };
		332F4778264D828C000BF63B /* Colors.xcassets */ = {isa = PBXFileReference; lastKnownFileType = folder.assetcatalog; path = Colors.xcassets; sourceTree = "<group>"; };
		333657E72635BC4300517E2B /* SnapKit.framework */ = {isa = PBXFileReference; explicitFileType = wrapper.framework; path = SnapKit.framework; sourceTree = BUILT_PRODUCTS_DIR; };
		333C06A82639D42600BE8F36 /* StorageDataManger.swift */ = {isa = PBXFileReference; lastKnownFileType = sourcecode.swift; path = StorageDataManger.swift; sourceTree = "<group>"; };
		33833AA62635A9C700A3FCD4 /* AeroPlan.app */ = {isa = PBXFileReference; explicitFileType = wrapper.application; includeInIndex = 0; path = AeroPlan.app; sourceTree = BUILT_PRODUCTS_DIR; };
		33833AA92635A9C700A3FCD4 /* AppDelegate.swift */ = {isa = PBXFileReference; lastKnownFileType = sourcecode.swift; path = AppDelegate.swift; sourceTree = "<group>"; };
		33833AB22635A9C900A3FCD4 /* Assets.xcassets */ = {isa = PBXFileReference; lastKnownFileType = folder.assetcatalog; path = Assets.xcassets; sourceTree = "<group>"; };
		33833AB52635A9C900A3FCD4 /* Base */ = {isa = PBXFileReference; lastKnownFileType = file.storyboard; name = Base; path = Base.lproj/LaunchScreen.storyboard; sourceTree = "<group>"; };
		33833AB72635A9C900A3FCD4 /* Info.plist */ = {isa = PBXFileReference; lastKnownFileType = text.plist.xml; path = Info.plist; sourceTree = "<group>"; };
		33833ACD2635B03D00A3FCD4 /* Develop.xcconfig */ = {isa = PBXFileReference; lastKnownFileType = text.xcconfig; path = Develop.xcconfig; sourceTree = "<group>"; };
		33833ACE2635B04C00A3FCD4 /* AppStore.xcconfig */ = {isa = PBXFileReference; lastKnownFileType = text.xcconfig; path = AppStore.xcconfig; sourceTree = "<group>"; };
		3383E41C263B30F000CA0329 /* StoredProperty.swift */ = {isa = PBXFileReference; lastKnownFileType = sourcecode.swift; path = StoredProperty.swift; sourceTree = "<group>"; };
		3383E41E263B311800CA0329 /* Elementary+StoredProperty.swift */ = {isa = PBXFileReference; lastKnownFileType = sourcecode.swift; path = "Elementary+StoredProperty.swift"; sourceTree = "<group>"; };
		CC1544457921956FDD7726DC /* Pods_AeroPlan.framework */ = {isa = PBXFileReference; explicitFileType = wrapper.framework; includeInIndex = 0; path = Pods_AeroPlan.framework; sourceTree = BUILT_PRODUCTS_DIR; };
		D7C4116B06BA5DD8CC71B37B /* Pods-AeroPlan.appstore.xcconfig */ = {isa = PBXFileReference; includeInIndex = 1; lastKnownFileType = text.xcconfig; name = "Pods-AeroPlan.appstore.xcconfig"; path = "Target Support Files/Pods-AeroPlan/Pods-AeroPlan.appstore.xcconfig"; sourceTree = "<group>"; };
		DEB04B9A0BBADBFEB738F09C /* Pods-AeroPlan.debug-develop.xcconfig */ = {isa = PBXFileReference; includeInIndex = 1; lastKnownFileType = text.xcconfig; name = "Pods-AeroPlan.debug-develop.xcconfig"; path = "Target Support Files/Pods-AeroPlan/Pods-AeroPlan.debug-develop.xcconfig"; sourceTree = "<group>"; };
/* End PBXFileReference section */

/* Begin PBXFrameworksBuildPhase section */
		33833AA32635A9C700A3FCD4 /* Frameworks */ = {
			isa = PBXFrameworksBuildPhase;
			buildActionMask = 2147483647;
			files = (
				02452ED048EDC97EFB6A5C8A /* Pods_AeroPlan.framework in Frameworks */,
			);
			runOnlyForDeploymentPostprocessing = 0;
		};
/* End PBXFrameworksBuildPhase section */

/* Begin PBXGroup section */
		22157FCF26445FD6004CA15D /* Recovered References */ = {
			isa = PBXGroup;
			children = (
				224AE8BE263C6DB8002537F0 /* LaunchScreen.swift */,
				224AE8E0263C82BA002537F0 /* NewPasswordScreen.swift */,
				224AE8DB263C8150002537F0 /* ResetPasswordScreen.swift */,
				224AE8E2263C82C6002537F0 /* NewPasswordViewModel.swift */,
				224AE8DD263C815B002537F0 /* ResetPasswordViewModel.swift */,
				224AE8D3263C7D16002537F0 /* SignInViewModel.swift */,
				224AE8C0263C6DC4002537F0 /* LaunchViewModel.swift */,
				224AE8D8263C7FD7002537F0 /* CreateAccountScreen.swift */,
				224AE8C9263C76DE002537F0 /* WelcomeScreen.swift */,
				224AE8D1263C7D0D002537F0 /* SignInScreen.swift */,
				224AE8D6263C7FCC002537F0 /* CreateAccountViewModel.swift */,
				224AE8CB263C76EA002537F0 /* WelcomeViewModel.swift */,
			);
			name = "Recovered References";
			sourceTree = "<group>";
		};
		22157FDC26446049004CA15D /* API */ = {
			isa = PBXGroup;
			children = (
				22157FD82644603D004CA15D /* APIDataManager.swift */,
				22157FD62644603D004CA15D /* APIRequest.swift */,
				22157FD72644603D004CA15D /* AuthInterceptor.swift */,
			);
			path = API;
			sourceTree = "<group>";
		};
		22157FDD26446086004CA15D /* Screens */ = {
			isa = PBXGroup;
			children = (
				22157FDF264460A5004CA15D /* Autorization */,
				22157FDE2644609E004CA15D /* Launch */,
			);
			path = Screens;
			sourceTree = "<group>";
		};
		22157FDE2644609E004CA15D /* Launch */ = {
			isa = PBXGroup;
			children = (
				22157FE4264460F4004CA15D /* LaunchScreen.swift */,
				22157FE5264460F4004CA15D /* LaunchViewModel.swift */,
			);
			path = Launch;
			sourceTree = "<group>";
		};
		22157FDF264460A5004CA15D /* Autorization */ = {
			isa = PBXGroup;
			children = (
				22157FFC2644614A004CA15D /* Welcome */,
				22157FF726446139004CA15D /* SignIn */,
				22157FF22644612B004CA15D /* ResetPassword */,
				22157FED2644611C004CA15D /* NewPassword */,
				22157FE826446107004CA15D /* CreateAccount */,
			);
			path = Autorization;
			sourceTree = "<group>";
		};
		22157FE826446107004CA15D /* CreateAccount */ = {
			isa = PBXGroup;
			children = (
				22157FE926446113004CA15D /* CreateAccountScreen.swift */,
				22157FEA26446113004CA15D /* CreateAccountViewModel.swift */,
			);
			path = CreateAccount;
			sourceTree = "<group>";
		};
		22157FED2644611C004CA15D /* NewPassword */ = {
			isa = PBXGroup;
			children = (
				22157FEF26446123004CA15D /* NewPasswordScreen.swift */,
				22157FEE26446123004CA15D /* NewPasswordViewModel.swift */,
			);
			path = NewPassword;
			sourceTree = "<group>";
		};
		22157FF22644612B004CA15D /* ResetPassword */ = {
			isa = PBXGroup;
			children = (
				22157FF326446132004CA15D /* ResetPasswordScreen.swift */,
				22157FF426446132004CA15D /* ResetPasswordViewModel.swift */,
			);
			path = ResetPassword;
			sourceTree = "<group>";
		};
		22157FF726446139004CA15D /* SignIn */ = {
			isa = PBXGroup;
			children = (
				22157FF826446140004CA15D /* SignInScreen.swift */,
				22157FF926446140004CA15D /* SignInViewModel.swift */,
			);
			path = SignIn;
			sourceTree = "<group>";
		};
		22157FFC2644614A004CA15D /* Welcome */ = {
			isa = PBXGroup;
			children = (
				22157FFD26446150004CA15D /* WelcomeScreen.swift */,
				22157FFE26446150004CA15D /* WelcomeViewModel.swift */,
			);
			path = Welcome;
			sourceTree = "<group>";
		};
		2215800326446184004CA15D /* Models */ = {
			isa = PBXGroup;
			children = (
				221580042644618D004CA15D /* User.swift */,
			);
			path = Models;
			sourceTree = "<group>";
		};
		22C0CB72264718D800E8D933 /* Configuration */ = {
			isa = PBXGroup;
			children = (
				22C0CB732647190000E8D933 /* Configuration.swift */,
				22C0CB75264719C800E8D933 /* ConfigurationReader.swift */,
			);
			path = Configuration;
			sourceTree = "<group>";
		};
		22E2DDFC2636CB93009B38AC /* GoogleServices */ = {
			isa = PBXGroup;
			children = (
				22E2E3D0263812A2009B38AC /* Google-AppStore.plist */,
				22E2E3D1263812A2009B38AC /* Google-Develop.plist */,
			);
			path = GoogleServices;
			sourceTree = "<group>";
		};
		22E2E57926384FF3009B38AC /* Coordinators */ = {
			isa = PBXGroup;
			children = (
				22E2E584263850C1009B38AC /* RootCoordinator.swift */,
				224AE8C6263C7585002537F0 /* AutorizationCoordinator.swift */,
				224AE8CD263C7842002537F0 /* HomeCoordinator.swift */,
			);
			path = Coordinators;
			sourceTree = "<group>";
		};
		22E2E57C2638500F009B38AC /* Common */ = {
			isa = PBXGroup;
			children = (
				22E2E59426385410009B38AC /* MVVM.swift */,
				22E2E57F26385046009B38AC /* Helpers */,
				22E2E57D26385016009B38AC /* Extensions */,
				22C0CB72264718D800E8D933 /* Configuration */,
			);
			path = Common;
			sourceTree = "<group>";
		};
		22E2E57D26385016009B38AC /* Extensions */ = {
			isa = PBXGroup;
			children = (
				224AE8C4263C73B2002537F0 /* UIView+Extensions.swift */,
				332F4776264D8230000BF63B /* UIButton + Extension.swift */,
			);
			path = Extensions;
			sourceTree = "<group>";
		};
		22E2E57E2638501D009B38AC /* Builder */ = {
			isa = PBXGroup;
			children = (
				22E2E587263850F8009B38AC /* ServicesBuilder.swift */,
				22E2E58D26385236009B38AC /* CoordinatorsBuilder.swift */,
				224AE8C2263C712C002537F0 /* ScreensBuilder.swift */,
				22C0CB7B2647262600E8D933 /* DataManagersBuilder.swift */,
				22C0CB7D2647263400E8D933 /* InteractorsBuilder.swift */,
			);
			path = Builder;
			sourceTree = "<group>";
		};
		22E2E57F26385046009B38AC /* Helpers */ = {
			isa = PBXGroup;
			children = (
				2215800626446209004CA15D /* ModalWindowViewController.swift */,
				22E2E58A26385146009B38AC /* Aliases.swift */,
				22E2E5902638538F009B38AC /* Animators.swift */,
				22E2E59B2638567C009B38AC /* OverlayAlertController.swift */,
				22E2E59E2638573C009B38AC /* AlertCoordinator.swift */,
				22E2E5A726385BA2009B38AC /* AlertViewer.swift */,
			);
			path = Helpers;
			sourceTree = "<group>";
		};
		22E2E58026385050009B38AC /* Services */ = {
			isa = PBXGroup;
			children = (
				22E2E5812638506F009B38AC /* StartupService.swift */,
			);
			path = Services;
			sourceTree = "<group>";
		};
		333C06A22639D13800BE8F36 /* Core */ = {
			isa = PBXGroup;
			children = (
				2215800326446184004CA15D /* Models */,
				3383E41B263B30DB00CA0329 /* StoredProperty */,
				333C06A42639D15A00BE8F36 /* Interactors */,
				333C06A32639D15100BE8F36 /* DataManagers */,
			);
			path = Core;
			sourceTree = "<group>";
		};
		333C06A32639D15100BE8F36 /* DataManagers */ = {
			isa = PBXGroup;
			children = (
				22157FDC26446049004CA15D /* API */,
				333C06A82639D42600BE8F36 /* StorageDataManger.swift */,
			);
			path = DataManagers;
			sourceTree = "<group>";
		};
		333C06A42639D15A00BE8F36 /* Interactors */ = {
			isa = PBXGroup;
			children = (
				22C0CB7726471E3400E8D933 /* AutorizationInteractor.swift */,
			);
			path = Interactors;
			sourceTree = "<group>";
		};
		333C06AA2639DC6E00BE8F36 /* Errors */ = {
			isa = PBXGroup;
			children = (
				22157FD126445FFC004CA15D /* AppError.swift */,
				22157FD026445FFC004CA15D /* APIError.swift */,
				22C0CB792647216000E8D933 /* AutorizationError.swift */,
			);
			path = Errors;
			sourceTree = "<group>";
		};
		33833A9D2635A9C700A3FCD4 = {
			isa = PBXGroup;
			children = (
				33833AA82635A9C700A3FCD4 /* AeroPlan */,
				33833AA72635A9C700A3FCD4 /* Products */,
				DEB85252C2B620D46BC7EAAF /* Pods */,
				C7826676F50E3D0F0975D37D /* Frameworks */,
				22157FCF26445FD6004CA15D /* Recovered References */,
			);
			sourceTree = "<group>";
		};
		33833AA72635A9C700A3FCD4 /* Products */ = {
			isa = PBXGroup;
			children = (
				33833AA62635A9C700A3FCD4 /* AeroPlan.app */,
			);
			name = Products;
			sourceTree = "<group>";
		};
		33833AA82635A9C700A3FCD4 /* AeroPlan */ = {
			isa = PBXGroup;
			children = (
				33833AC72635AFDB00A3FCD4 /* Classes */,
				33833AC62635AFD400A3FCD4 /* Resources */,
			);
			path = AeroPlan;
			sourceTree = "<group>";
		};
		33833AC62635AFD400A3FCD4 /* Resources */ = {
			isa = PBXGroup;
			children = (
				22E2DDFC2636CB93009B38AC /* GoogleServices */,
				33833AD12635B51200A3FCD4 /* Generated */,
				33833AD02635B50D00A3FCD4 /* Fonts */,
				33833ACC2635B01100A3FCD4 /* Configurations */,
				33833AB22635A9C900A3FCD4 /* Assets.xcassets */,
				33833AB42635A9C900A3FCD4 /* LaunchScreen.storyboard */,
				33833AB72635A9C900A3FCD4 /* Info.plist */,
				332F4778264D828C000BF63B /* Colors.xcassets */,
			);
			path = Resources;
			sourceTree = "<group>";
		};
		33833AC72635AFDB00A3FCD4 /* Classes */ = {
			isa = PBXGroup;
			children = (
				33833AA92635A9C700A3FCD4 /* AppDelegate.swift */,
				22157FDD26446086004CA15D /* Screens */,
				333C06AA2639DC6E00BE8F36 /* Errors */,
				22E2E57E2638501D009B38AC /* Builder */,
				22E2E58026385050009B38AC /* Services */,
				22E2E57C2638500F009B38AC /* Common */,
				333C06A22639D13800BE8F36 /* Core */,
				22E2E57926384FF3009B38AC /* Coordinators */,
			);
			path = Classes;
			sourceTree = "<group>";
		};
		33833ACC2635B01100A3FCD4 /* Configurations */ = {
			isa = PBXGroup;
			children = (
				33833ACE2635B04C00A3FCD4 /* AppStore.xcconfig */,
				33833ACD2635B03D00A3FCD4 /* Develop.xcconfig */,
			);
			path = Configurations;
			sourceTree = "<group>";
		};
		33833AD02635B50D00A3FCD4 /* Fonts */ = {
			isa = PBXGroup;
			children = (
			);
			path = Fonts;
			sourceTree = "<group>";
		};
		33833AD12635B51200A3FCD4 /* Generated */ = {
			isa = PBXGroup;
			children = (
				332F4774264D81CC000BF63B /* R.generated.swift */,
			);
			path = Generated;
			sourceTree = "<group>";
		};
		3383E41B263B30DB00CA0329 /* StoredProperty */ = {
			isa = PBXGroup;
			children = (
				221580012644617A004CA15D /* User+StoredProperty.swift */,
				3383E41C263B30F000CA0329 /* StoredProperty.swift */,
				3383E41E263B311800CA0329 /* Elementary+StoredProperty.swift */,
			);
			path = StoredProperty;
			sourceTree = "<group>";
		};
		C7826676F50E3D0F0975D37D /* Frameworks */ = {
			isa = PBXGroup;
			children = (
				333657E72635BC4300517E2B /* SnapKit.framework */,
				CC1544457921956FDD7726DC /* Pods_AeroPlan.framework */,
			);
			name = Frameworks;
			sourceTree = "<group>";
		};
		DEB85252C2B620D46BC7EAAF /* Pods */ = {
			isa = PBXGroup;
			children = (
				DEB04B9A0BBADBFEB738F09C /* Pods-AeroPlan.debug-develop.xcconfig */,
				23741963313219A13C7F0128 /* Pods-AeroPlan.release-develop.xcconfig */,
				D7C4116B06BA5DD8CC71B37B /* Pods-AeroPlan.appstore.xcconfig */,
			);
			path = Pods;
			sourceTree = "<group>";
		};
/* End PBXGroup section */

/* Begin PBXNativeTarget section */
		33833AA52635A9C700A3FCD4 /* AeroPlan */ = {
			isa = PBXNativeTarget;
			buildConfigurationList = 33833ABA2635A9C900A3FCD4 /* Build configuration list for PBXNativeTarget "AeroPlan" */;
			buildPhases = (
				FA650B4AC9CC26219F9A98E2 /* [CP] Check Pods Manifest.lock */,
				333657CA2635B8B600517E2B /* SwiftLint */,
				332F4773264D80D7000BF63B /* [Codegen]R.swift */,
				33833AA22635A9C700A3FCD4 /* Sources */,
				33833AA32635A9C700A3FCD4 /* Frameworks */,
				33833AA42635A9C700A3FCD4 /* Resources */,
				22E2DE192636CCD4009B38AC /* Copy Google Confugurations */,
				01A3C4686AD74FE55C7DF090 /* [CP] Embed Pods Frameworks */,
			);
			buildRules = (
			);
			dependencies = (
			);
			name = AeroPlan;
			productName = AeroPlan;
			productReference = 33833AA62635A9C700A3FCD4 /* AeroPlan.app */;
			productType = "com.apple.product-type.application";
		};
/* End PBXNativeTarget section */

/* Begin PBXProject section */
		33833A9E2635A9C700A3FCD4 /* Project object */ = {
			isa = PBXProject;
			attributes = {
				LastSwiftUpdateCheck = 1240;
				LastUpgradeCheck = 1240;
				TargetAttributes = {
					33833AA52635A9C700A3FCD4 = {
						CreatedOnToolsVersion = 12.4;
					};
				};
			};
			buildConfigurationList = 33833AA12635A9C700A3FCD4 /* Build configuration list for PBXProject "AeroPlan" */;
			compatibilityVersion = "Xcode 9.3";
			developmentRegion = en;
			hasScannedForEncodings = 0;
			knownRegions = (
				en,
				Base,
			);
			mainGroup = 33833A9D2635A9C700A3FCD4;
			productRefGroup = 33833AA72635A9C700A3FCD4 /* Products */;
			projectDirPath = "";
			projectRoot = "";
			targets = (
				33833AA52635A9C700A3FCD4 /* AeroPlan */,
			);
		};
/* End PBXProject section */

/* Begin PBXResourcesBuildPhase section */
		33833AA42635A9C700A3FCD4 /* Resources */ = {
			isa = PBXResourcesBuildPhase;
			buildActionMask = 2147483647;
			files = (
				332F4779264D828C000BF63B /* Colors.xcassets in Resources */,
				22E2DE7B2636D033009B38AC /* LaunchScreen.storyboard in Resources */,
				33833AB32635A9C900A3FCD4 /* Assets.xcassets in Resources */,
			);
			runOnlyForDeploymentPostprocessing = 0;
		};
/* End PBXResourcesBuildPhase section */

/* Begin PBXShellScriptBuildPhase section */
		01A3C4686AD74FE55C7DF090 /* [CP] Embed Pods Frameworks */ = {
			isa = PBXShellScriptBuildPhase;
			buildActionMask = 2147483647;
			files = (
			);
			inputFileListPaths = (
				"${PODS_ROOT}/Target Support Files/Pods-AeroPlan/Pods-AeroPlan-frameworks-${CONFIGURATION}-input-files.xcfilelist",
			);
			name = "[CP] Embed Pods Frameworks";
			outputFileListPaths = (
				"${PODS_ROOT}/Target Support Files/Pods-AeroPlan/Pods-AeroPlan-frameworks-${CONFIGURATION}-output-files.xcfilelist",
			);
			runOnlyForDeploymentPostprocessing = 0;
			shellPath = /bin/sh;
			shellScript = "\"${PODS_ROOT}/Target Support Files/Pods-AeroPlan/Pods-AeroPlan-frameworks.sh\"\n";
			showEnvVarsInLog = 0;
		};
		22E2DE192636CCD4009B38AC /* Copy Google Confugurations */ = {
			isa = PBXShellScriptBuildPhase;
			buildActionMask = 2147483647;
			files = (
			);
			inputFileListPaths = (
			);
			inputPaths = (
			);
			name = "Copy Google Confugurations";
			outputFileListPaths = (
			);
			outputPaths = (
			);
			runOnlyForDeploymentPostprocessing = 0;
			shellPath = /bin/sh;
			shellScript = "PATH_TO_GOOGLE_PLISTS=\"${PROJECT_DIR}/AeroPlan/Resources/GoogleServices\" \n\ncase \"${CONFIGURATION}\" in \n\"Debug-Develop\" | \"Release-Develop\" ) \n    cp -f \"$PATH_TO_GOOGLE_PLISTS/Google-Develop.plist\" \"${BUILT_PRODUCTS_DIR}/${PRODUCT_NAME}.app/GoogleService-Info.plist\" ;;\n\"AppStore\" ) \n    cp -f \"$PATH_TO_GOOGLE_PLISTS/Google-AppStore.plist\" \"${BUILT_PRODUCTS_DIR}/${PRODUCT_NAME}.app/GoogleService-Info.plist\" ;;\n*) ;; \nesac\n";
		};
		332F4773264D80D7000BF63B /* [Codegen]R.swift */ = {
			isa = PBXShellScriptBuildPhase;
			buildActionMask = 2147483647;
			files = (
			);
			inputFileListPaths = (
			);
			inputPaths = (
				"$TEMP_DIR/rswift-lastrun",
			);
			name = "[Codegen]R.swift";
			outputFileListPaths = (
			);
			outputPaths = (
				$SRCROOT/AeroPlan/Classes/Resources/Generated/R.generated.swift,
			);
			runOnlyForDeploymentPostprocessing = 0;
			shellPath = /bin/sh;
			shellScript = "\"$PODS_ROOT/R.swift/rswift\" generate \"$SRCROOT/AeroPlan/Classes/Resources/Generated/R.generated.swift\"\n";
		};
		333657CA2635B8B600517E2B /* SwiftLint */ = {
			isa = PBXShellScriptBuildPhase;
			buildActionMask = 2147483647;
			files = (
			);
			inputFileListPaths = (
			);
			inputPaths = (
			);
			name = SwiftLint;
			outputFileListPaths = (
			);
			outputPaths = (
			);
			runOnlyForDeploymentPostprocessing = 0;
			shellPath = /bin/sh;
			shellScript = "if [ \"${CONFIGURATION}\" = \"Debug-Develop\" ]; then\n    if which swiftlint >/dev/null; then\n        swiftlint\n    else\n        sh setup.sh\n    fi\nfi\n";
		};
		FA650B4AC9CC26219F9A98E2 /* [CP] Check Pods Manifest.lock */ = {
			isa = PBXShellScriptBuildPhase;
			buildActionMask = 2147483647;
			files = (
			);
			inputFileListPaths = (
			);
			inputPaths = (
				"${PODS_PODFILE_DIR_PATH}/Podfile.lock",
				"${PODS_ROOT}/Manifest.lock",
			);
			name = "[CP] Check Pods Manifest.lock";
			outputFileListPaths = (
			);
			outputPaths = (
				"$(DERIVED_FILE_DIR)/Pods-AeroPlan-checkManifestLockResult.txt",
			);
			runOnlyForDeploymentPostprocessing = 0;
			shellPath = /bin/sh;
			shellScript = "diff \"${PODS_PODFILE_DIR_PATH}/Podfile.lock\" \"${PODS_ROOT}/Manifest.lock\" > /dev/null\nif [ $? != 0 ] ; then\n    # print error to STDERR\n    echo \"error: The sandbox is not in sync with the Podfile.lock. Run 'pod install' or update your CocoaPods installation.\" >&2\n    exit 1\nfi\n# This output is used by Xcode 'outputs' to avoid re-running this script phase.\necho \"SUCCESS\" > \"${SCRIPT_OUTPUT_FILE_0}\"\n";
			showEnvVarsInLog = 0;
		};
/* End PBXShellScriptBuildPhase section */

/* Begin PBXSourcesBuildPhase section */
		33833AA22635A9C700A3FCD4 /* Sources */ = {
			isa = PBXSourcesBuildPhase;
			buildActionMask = 2147483647;
			files = (
				22157FE6264460F4004CA15D /* LaunchScreen.swift in Sources */,
				2215800026446150004CA15D /* WelcomeViewModel.swift in Sources */,
				332F4775264D81CC000BF63B /* R.generated.swift in Sources */,
				332F4777264D8230000BF63B /* UIButton + Extension.swift in Sources */,
				22E2E59F2638573C009B38AC /* AlertCoordinator.swift in Sources */,
				22157FDB2644603D004CA15D /* APIRequest.swift in Sources */,
				22157FD226445FFC004CA15D /* APIError.swift in Sources */,
				22C0CB7C2647262600E8D933 /* DataManagersBuilder.swift in Sources */,
				22E2E58E26385236009B38AC /* CoordinatorsBuilder.swift in Sources */,
				22157FF626446132004CA15D /* ResetPasswordViewModel.swift in Sources */,
				22E2E58B26385146009B38AC /* Aliases.swift in Sources */,
				22157FFA26446140004CA15D /* SignInScreen.swift in Sources */,
				22E2E5A826385BA2009B38AC /* AlertViewer.swift in Sources */,
				22157FF126446123004CA15D /* NewPasswordScreen.swift in Sources */,
				33833AAA2635A9C700A3FCD4 /* AppDelegate.swift in Sources */,
				22157FDA2644603D004CA15D /* APIDataManager.swift in Sources */,
				22157FF526446132004CA15D /* ResetPasswordScreen.swift in Sources */,
				221580022644617A004CA15D /* User+StoredProperty.swift in Sources */,
				22C0CB7A2647216000E8D933 /* AutorizationError.swift in Sources */,
				22C0CB76264719C800E8D933 /* ConfigurationReader.swift in Sources */,
				22157FEB26446113004CA15D /* CreateAccountScreen.swift in Sources */,
				2215800726446209004CA15D /* ModalWindowViewController.swift in Sources */,
				3383E41D263B30F000CA0329 /* StoredProperty.swift in Sources */,
				333C06A92639D42600BE8F36 /* StorageDataManger.swift in Sources */,
				3383E41F263B311800CA0329 /* Elementary+StoredProperty.swift in Sources */,
				22157FF026446123004CA15D /* NewPasswordViewModel.swift in Sources */,
				224AE8C5263C73B2002537F0 /* UIView+Extensions.swift in Sources */,
				22E2E585263850C1009B38AC /* RootCoordinator.swift in Sources */,
				22E2E5912638538F009B38AC /* Animators.swift in Sources */,
				22157FE7264460F4004CA15D /* LaunchViewModel.swift in Sources */,
				221580052644618D004CA15D /* User.swift in Sources */,
				224AE8C3263C712C002537F0 /* ScreensBuilder.swift in Sources */,
				22157FD92644603D004CA15D /* AuthInterceptor.swift in Sources */,
				224AE8C7263C7585002537F0 /* AutorizationCoordinator.swift in Sources */,
				22157FEC26446113004CA15D /* CreateAccountViewModel.swift in Sources */,
				22C0CB7826471E3400E8D933 /* AutorizationInteractor.swift in Sources */,
				22E2E5822638506F009B38AC /* StartupService.swift in Sources */,
				22157FFB26446140004CA15D /* SignInViewModel.swift in Sources */,
				22157FFF26446150004CA15D /* WelcomeScreen.swift in Sources */,
				22C0CB742647190000E8D933 /* Configuration.swift in Sources */,
				22157FD326445FFC004CA15D /* AppError.swift in Sources */,
				22E2E59C2638567C009B38AC /* OverlayAlertController.swift in Sources */,
				22C0CB7E2647263400E8D933 /* InteractorsBuilder.swift in Sources */,
				22E2E588263850F8009B38AC /* ServicesBuilder.swift in Sources */,
				224AE8CE263C7842002537F0 /* HomeCoordinator.swift in Sources */,
				22E2E59526385410009B38AC /* MVVM.swift in Sources */,
			);
			runOnlyForDeploymentPostprocessing = 0;
		};
/* End PBXSourcesBuildPhase section */

/* Begin PBXVariantGroup section */
		33833AB42635A9C900A3FCD4 /* LaunchScreen.storyboard */ = {
			isa = PBXVariantGroup;
			children = (
				33833AB52635A9C900A3FCD4 /* Base */,
			);
			name = LaunchScreen.storyboard;
			sourceTree = "<group>";
		};
/* End PBXVariantGroup section */

/* Begin XCBuildConfiguration section */
		33833AB82635A9C900A3FCD4 /* Debug-Develop */ = {
			isa = XCBuildConfiguration;
			baseConfigurationReference = 33833ACD2635B03D00A3FCD4 /* Develop.xcconfig */;
			buildSettings = {
				ALWAYS_SEARCH_USER_PATHS = NO;
				CLANG_ANALYZER_NONNULL = YES;
				CLANG_ANALYZER_NUMBER_OBJECT_CONVERSION = YES_AGGRESSIVE;
				CLANG_CXX_LANGUAGE_STANDARD = "gnu++14";
				CLANG_CXX_LIBRARY = "libc++";
				CLANG_ENABLE_MODULES = YES;
				CLANG_ENABLE_OBJC_ARC = YES;
				CLANG_ENABLE_OBJC_WEAK = YES;
				CLANG_WARN_BLOCK_CAPTURE_AUTORELEASING = YES;
				CLANG_WARN_BOOL_CONVERSION = YES;
				CLANG_WARN_COMMA = YES;
				CLANG_WARN_CONSTANT_CONVERSION = YES;
				CLANG_WARN_DEPRECATED_OBJC_IMPLEMENTATIONS = YES;
				CLANG_WARN_DIRECT_OBJC_ISA_USAGE = YES_ERROR;
				CLANG_WARN_DOCUMENTATION_COMMENTS = YES;
				CLANG_WARN_EMPTY_BODY = YES;
				CLANG_WARN_ENUM_CONVERSION = YES;
				CLANG_WARN_INFINITE_RECURSION = YES;
				CLANG_WARN_INT_CONVERSION = YES;
				CLANG_WARN_NON_LITERAL_NULL_CONVERSION = YES;
				CLANG_WARN_OBJC_IMPLICIT_RETAIN_SELF = YES;
				CLANG_WARN_OBJC_LITERAL_CONVERSION = YES;
				CLANG_WARN_OBJC_ROOT_CLASS = YES_ERROR;
				CLANG_WARN_QUOTED_INCLUDE_IN_FRAMEWORK_HEADER = YES;
				CLANG_WARN_RANGE_LOOP_ANALYSIS = YES;
				CLANG_WARN_STRICT_PROTOTYPES = YES;
				CLANG_WARN_SUSPICIOUS_MOVE = YES;
				CLANG_WARN_UNGUARDED_AVAILABILITY = YES_AGGRESSIVE;
				CLANG_WARN_UNREACHABLE_CODE = YES;
				CLANG_WARN__DUPLICATE_METHOD_MATCH = YES;
				COPY_PHASE_STRIP = NO;
				DEBUG_INFORMATION_FORMAT = dwarf;
				ENABLE_STRICT_OBJC_MSGSEND = YES;
				ENABLE_TESTABILITY = YES;
				GCC_C_LANGUAGE_STANDARD = gnu11;
				GCC_DYNAMIC_NO_PIC = NO;
				GCC_NO_COMMON_BLOCKS = YES;
				GCC_OPTIMIZATION_LEVEL = 0;
				GCC_PREPROCESSOR_DEFINITIONS = (
					"DEBUG=1",
					"$(inherited)",
				);
				GCC_WARN_64_TO_32_BIT_CONVERSION = YES;
				GCC_WARN_ABOUT_RETURN_TYPE = YES_ERROR;
				GCC_WARN_UNDECLARED_SELECTOR = YES;
				GCC_WARN_UNINITIALIZED_AUTOS = YES_AGGRESSIVE;
				GCC_WARN_UNUSED_FUNCTION = YES;
				GCC_WARN_UNUSED_VARIABLE = YES;
				IPHONEOS_DEPLOYMENT_TARGET = 13.0;
				MTL_ENABLE_DEBUG_INFO = INCLUDE_SOURCE;
				MTL_FAST_MATH = YES;
				ONLY_ACTIVE_ARCH = YES;
				SDKROOT = iphoneos;
				SWIFT_ACTIVE_COMPILATION_CONDITIONS = DEBUG;
				SWIFT_OPTIMIZATION_LEVEL = "-Onone";
			};
			name = "Debug-Develop";
		};
		33833AB92635A9C900A3FCD4 /* Release-Develop */ = {
			isa = XCBuildConfiguration;
			baseConfigurationReference = 33833ACD2635B03D00A3FCD4 /* Develop.xcconfig */;
			buildSettings = {
				ALWAYS_SEARCH_USER_PATHS = NO;
				CLANG_ANALYZER_NONNULL = YES;
				CLANG_ANALYZER_NUMBER_OBJECT_CONVERSION = YES_AGGRESSIVE;
				CLANG_CXX_LANGUAGE_STANDARD = "gnu++14";
				CLANG_CXX_LIBRARY = "libc++";
				CLANG_ENABLE_MODULES = YES;
				CLANG_ENABLE_OBJC_ARC = YES;
				CLANG_ENABLE_OBJC_WEAK = YES;
				CLANG_WARN_BLOCK_CAPTURE_AUTORELEASING = YES;
				CLANG_WARN_BOOL_CONVERSION = YES;
				CLANG_WARN_COMMA = YES;
				CLANG_WARN_CONSTANT_CONVERSION = YES;
				CLANG_WARN_DEPRECATED_OBJC_IMPLEMENTATIONS = YES;
				CLANG_WARN_DIRECT_OBJC_ISA_USAGE = YES_ERROR;
				CLANG_WARN_DOCUMENTATION_COMMENTS = YES;
				CLANG_WARN_EMPTY_BODY = YES;
				CLANG_WARN_ENUM_CONVERSION = YES;
				CLANG_WARN_INFINITE_RECURSION = YES;
				CLANG_WARN_INT_CONVERSION = YES;
				CLANG_WARN_NON_LITERAL_NULL_CONVERSION = YES;
				CLANG_WARN_OBJC_IMPLICIT_RETAIN_SELF = YES;
				CLANG_WARN_OBJC_LITERAL_CONVERSION = YES;
				CLANG_WARN_OBJC_ROOT_CLASS = YES_ERROR;
				CLANG_WARN_QUOTED_INCLUDE_IN_FRAMEWORK_HEADER = YES;
				CLANG_WARN_RANGE_LOOP_ANALYSIS = YES;
				CLANG_WARN_STRICT_PROTOTYPES = YES;
				CLANG_WARN_SUSPICIOUS_MOVE = YES;
				CLANG_WARN_UNGUARDED_AVAILABILITY = YES_AGGRESSIVE;
				CLANG_WARN_UNREACHABLE_CODE = YES;
				CLANG_WARN__DUPLICATE_METHOD_MATCH = YES;
				COPY_PHASE_STRIP = NO;
				DEBUG_INFORMATION_FORMAT = "dwarf-with-dsym";
				ENABLE_NS_ASSERTIONS = NO;
				ENABLE_STRICT_OBJC_MSGSEND = YES;
				GCC_C_LANGUAGE_STANDARD = gnu11;
				GCC_NO_COMMON_BLOCKS = YES;
				GCC_WARN_64_TO_32_BIT_CONVERSION = YES;
				GCC_WARN_ABOUT_RETURN_TYPE = YES_ERROR;
				GCC_WARN_UNDECLARED_SELECTOR = YES;
				GCC_WARN_UNINITIALIZED_AUTOS = YES_AGGRESSIVE;
				GCC_WARN_UNUSED_FUNCTION = YES;
				GCC_WARN_UNUSED_VARIABLE = YES;
				IPHONEOS_DEPLOYMENT_TARGET = 13.0;
				MTL_ENABLE_DEBUG_INFO = NO;
				MTL_FAST_MATH = YES;
				SDKROOT = iphoneos;
				SWIFT_COMPILATION_MODE = wholemodule;
				SWIFT_OPTIMIZATION_LEVEL = "-O";
				VALIDATE_PRODUCT = YES;
			};
			name = "Release-Develop";
		};
		33833ABB2635A9C900A3FCD4 /* Debug-Develop */ = {
			isa = XCBuildConfiguration;
			baseConfigurationReference = DEB04B9A0BBADBFEB738F09C /* Pods-AeroPlan.debug-develop.xcconfig */;
			buildSettings = {
				ASSETCATALOG_COMPILER_APPICON_NAME = "$(APP_ICON)";
				ASSETCATALOG_COMPILER_GLOBAL_ACCENT_COLOR_NAME = AccentColor;
				CODE_SIGN_IDENTITY = "Apple Development";
				CODE_SIGN_STYLE = Automatic;
				DEVELOPMENT_TEAM = 6RB7NH47H2;
				INFOPLIST_FILE = AeroPlan/Resources/Info.plist;
				IPHONEOS_DEPLOYMENT_TARGET = 13.0;
				LD_RUNPATH_SEARCH_PATHS = (
					"$(inherited)",
					"@executable_path/Frameworks",
				);
				MARKETING_VERSION = 1.0.0;
				PRODUCT_BUNDLE_IDENTIFIER = "$(APP_BUNDLE_ID)";
				PRODUCT_NAME = "$(TARGET_NAME)";
				PROVISIONING_PROFILE_SPECIFIER = "";
				SWIFT_VERSION = 5.0;
				TARGETED_DEVICE_FAMILY = 1;
			};
			name = "Debug-Develop";
		};
		33833ABC2635A9C900A3FCD4 /* Release-Develop */ = {
			isa = XCBuildConfiguration;
			baseConfigurationReference = 23741963313219A13C7F0128 /* Pods-AeroPlan.release-develop.xcconfig */;
			buildSettings = {
				ASSETCATALOG_COMPILER_APPICON_NAME = "$(APP_ICON)";
				ASSETCATALOG_COMPILER_GLOBAL_ACCENT_COLOR_NAME = AccentColor;
				CODE_SIGN_IDENTITY = "Apple Development";
				CODE_SIGN_STYLE = Automatic;
				DEVELOPMENT_TEAM = 6RB7NH47H2;
				INFOPLIST_FILE = AeroPlan/Resources/Info.plist;
				IPHONEOS_DEPLOYMENT_TARGET = 13.0;
				LD_RUNPATH_SEARCH_PATHS = (
					"$(inherited)",
					"@executable_path/Frameworks",
				);
				MARKETING_VERSION = 1.0.0;
				PRODUCT_BUNDLE_IDENTIFIER = "$(APP_BUNDLE_ID)";
				PRODUCT_NAME = "$(TARGET_NAME)";
				PROVISIONING_PROFILE_SPECIFIER = "";
				SWIFT_VERSION = 5.0;
				TARGETED_DEVICE_FAMILY = 1;
			};
			name = "Release-Develop";
		};
		33833ABE2635AEC500A3FCD4 /* AppStore */ = {
			isa = XCBuildConfiguration;
			baseConfigurationReference = 33833ACE2635B04C00A3FCD4 /* AppStore.xcconfig */;
			buildSettings = {
				ALWAYS_SEARCH_USER_PATHS = NO;
				CLANG_ANALYZER_NONNULL = YES;
				CLANG_ANALYZER_NUMBER_OBJECT_CONVERSION = YES_AGGRESSIVE;
				CLANG_CXX_LANGUAGE_STANDARD = "gnu++14";
				CLANG_CXX_LIBRARY = "libc++";
				CLANG_ENABLE_MODULES = YES;
				CLANG_ENABLE_OBJC_ARC = YES;
				CLANG_ENABLE_OBJC_WEAK = YES;
				CLANG_WARN_BLOCK_CAPTURE_AUTORELEASING = YES;
				CLANG_WARN_BOOL_CONVERSION = YES;
				CLANG_WARN_COMMA = YES;
				CLANG_WARN_CONSTANT_CONVERSION = YES;
				CLANG_WARN_DEPRECATED_OBJC_IMPLEMENTATIONS = YES;
				CLANG_WARN_DIRECT_OBJC_ISA_USAGE = YES_ERROR;
				CLANG_WARN_DOCUMENTATION_COMMENTS = YES;
				CLANG_WARN_EMPTY_BODY = YES;
				CLANG_WARN_ENUM_CONVERSION = YES;
				CLANG_WARN_INFINITE_RECURSION = YES;
				CLANG_WARN_INT_CONVERSION = YES;
				CLANG_WARN_NON_LITERAL_NULL_CONVERSION = YES;
				CLANG_WARN_OBJC_IMPLICIT_RETAIN_SELF = YES;
				CLANG_WARN_OBJC_LITERAL_CONVERSION = YES;
				CLANG_WARN_OBJC_ROOT_CLASS = YES_ERROR;
				CLANG_WARN_QUOTED_INCLUDE_IN_FRAMEWORK_HEADER = YES;
				CLANG_WARN_RANGE_LOOP_ANALYSIS = YES;
				CLANG_WARN_STRICT_PROTOTYPES = YES;
				CLANG_WARN_SUSPICIOUS_MOVE = YES;
				CLANG_WARN_UNGUARDED_AVAILABILITY = YES_AGGRESSIVE;
				CLANG_WARN_UNREACHABLE_CODE = YES;
				CLANG_WARN__DUPLICATE_METHOD_MATCH = YES;
				COPY_PHASE_STRIP = NO;
				DEBUG_INFORMATION_FORMAT = "dwarf-with-dsym";
				ENABLE_NS_ASSERTIONS = NO;
				ENABLE_STRICT_OBJC_MSGSEND = YES;
				GCC_C_LANGUAGE_STANDARD = gnu11;
				GCC_NO_COMMON_BLOCKS = YES;
				GCC_WARN_64_TO_32_BIT_CONVERSION = YES;
				GCC_WARN_ABOUT_RETURN_TYPE = YES_ERROR;
				GCC_WARN_UNDECLARED_SELECTOR = YES;
				GCC_WARN_UNINITIALIZED_AUTOS = YES_AGGRESSIVE;
				GCC_WARN_UNUSED_FUNCTION = YES;
				GCC_WARN_UNUSED_VARIABLE = YES;
				IPHONEOS_DEPLOYMENT_TARGET = 13.0;
				MTL_ENABLE_DEBUG_INFO = NO;
				MTL_FAST_MATH = YES;
				SDKROOT = iphoneos;
				SWIFT_COMPILATION_MODE = wholemodule;
				SWIFT_OPTIMIZATION_LEVEL = "-O";
				VALIDATE_PRODUCT = YES;
			};
			name = AppStore;
		};
		33833ABF2635AEC500A3FCD4 /* AppStore */ = {
			isa = XCBuildConfiguration;
			baseConfigurationReference = D7C4116B06BA5DD8CC71B37B /* Pods-AeroPlan.appstore.xcconfig */;
			buildSettings = {
				ASSETCATALOG_COMPILER_APPICON_NAME = "$(APP_ICON)";
				ASSETCATALOG_COMPILER_GLOBAL_ACCENT_COLOR_NAME = AccentColor;
				CODE_SIGN_STYLE = Automatic;
				DEVELOPMENT_TEAM = 6RB7NH47H2;
				INFOPLIST_FILE = AeroPlan/Resources/Info.plist;
				IPHONEOS_DEPLOYMENT_TARGET = 13.0;
				LD_RUNPATH_SEARCH_PATHS = (
					"$(inherited)",
					"@executable_path/Frameworks",
				);
				MARKETING_VERSION = 1.0.0;
				PRODUCT_BUNDLE_IDENTIFIER = "$(APP_BUNDLE_ID)";
				PRODUCT_NAME = "$(TARGET_NAME)";
				SWIFT_VERSION = 5.0;
				TARGETED_DEVICE_FAMILY = 1;
			};
			name = AppStore;
		};
/* End XCBuildConfiguration section */

/* Begin XCConfigurationList section */
		33833AA12635A9C700A3FCD4 /* Build configuration list for PBXProject "AeroPlan" */ = {
			isa = XCConfigurationList;
			buildConfigurations = (
				33833AB82635A9C900A3FCD4 /* Debug-Develop */,
				33833AB92635A9C900A3FCD4 /* Release-Develop */,
				33833ABE2635AEC500A3FCD4 /* AppStore */,
			);
			defaultConfigurationIsVisible = 0;
			defaultConfigurationName = "Release-Develop";
		};
		33833ABA2635A9C900A3FCD4 /* Build configuration list for PBXNativeTarget "AeroPlan" */ = {
			isa = XCConfigurationList;
			buildConfigurations = (
				33833ABB2635A9C900A3FCD4 /* Debug-Develop */,
				33833ABC2635A9C900A3FCD4 /* Release-Develop */,
				33833ABF2635AEC500A3FCD4 /* AppStore */,
			);
			defaultConfigurationIsVisible = 0;
			defaultConfigurationName = "Release-Develop";
		};
/* End XCConfigurationList section */
	};
	rootObject = 33833A9E2635A9C700A3FCD4 /* Project object */;
}
